
Microsoft Visual Studio Solution File, Format Version 12.00
# Visual Studio Version 16
VisualStudioVersion = 16.0.30717.126
MinimumVisualStudioVersion = 10.0.40219.1
Project("{FAE04EC0-301F-11D3-BF4B-00C04F79EFBC}") = "OIDC.Server", "OIDC\Server\OIDC.Server.csproj", "{CFB201F6-BA43-4013-BFDE-EC307059A745}"
EndProject
Project("{FAE04EC0-301F-11D3-BF4B-00C04F79EFBC}") = "OIDC.Client", "OIDC\Client\OIDC.Client.csproj", "{24670801-DF7F-465B-BA17-37B9CFFC99E4}"
EndProject
Project("{FAE04EC0-301F-11D3-BF4B-00C04F79EFBC}") = "OIDC.Shared", "OIDC\Shared\OIDC.Shared.csproj", "{CFC4D010-89BA-4E5B-AC45-0082953E873C}"
EndProject
Global
	GlobalSection(SolutionConfigurationPlatforms) = preSolution
		Debug|Any CPU = Debug|Any CPU
		Release|Any CPU = Release|Any CPU
	EndGlobalSection
	GlobalSection(ProjectConfigurationPlatforms) = postSolution
		{CFB201F6-BA43-4013-BFDE-EC307059A745}.Debug|Any CPU.ActiveCfg = Debug|Any CPU
		{CFB201F6-BA43-4013-BFDE-EC307059A745}.Debug|Any CPU.Build.0 = Debug|Any CPU
		{CFB201F6-BA43-4013-BFDE-EC307059A745}.Release|Any CPU.ActiveCfg = Release|Any CPU
		{CFB201F6-BA43-4013-BFDE-EC307059A745}.Release|Any CPU.Build.0 = Release|Any CPU
		{24670801-DF7F-465B-BA17-37B9CFFC99E4}.Debug|Any CPU.ActiveCfg = Debug|Any CPU
		{24670801-DF7F-465B-BA17-37B9CFFC99E4}.Debug|Any CPU.Build.0 = Debug|Any CPU
		{24670801-DF7F-465B-BA17-37B9CFFC99E4}.Release|Any CPU.ActiveCfg = Release|Any CPU
		{24670801-DF7F-465B-BA17-37B9CFFC99E4}.Release|Any CPU.Build.0 = Release|Any CPU
		{CFC4D010-89BA-4E5B-AC45-0082953E873C}.Debug|Any CPU.ActiveCfg = Debug|Any CPU
		{CFC4D010-89BA-4E5B-AC45-0082953E873C}.Debug|Any CPU.Build.0 = Debug|Any CPU
		{CFC4D010-89BA-4E5B-AC45-0082953E873C}.Release|Any CPU.ActiveCfg = Release|Any CPU
		{CFC4D010-89BA-4E5B-AC45-0082953E873C}.Release|Any CPU.Build.0 = Release|Any CPU
	EndGlobalSection
	GlobalSection(SolutionProperties) = preSolution
		HideSolutionNode = FALSE
	EndGlobalSection
	GlobalSection(ExtensibilityGlobals) = postSolution
		SolutionGuid = {5702CBDD-7FBB-4C99-BF14-D4E7DC699347}
	EndGlobalSection
EndGlobal
